// !$*UTF8*$!
{
	archiveVersion = 1;
	classes = {
	};
	objectVersion = 77;
	objects = {

/* Begin PBXContainerItemProxy section */
		EC5A02DE2D7D84F40007CDE4 /* PBXContainerItemProxy */ = {
			isa = PBXContainerItemProxy;
			containerPortal = EC5A02C52D7D84F20007CDE4 /* Project object */;
			proxyType = 1;
			remoteGlobalIDString = EC5A02CC2D7D84F20007CDE4;
			remoteInfo = Sixth;
		};
		EC5A02E82D7D84F40007CDE4 /* PBXContainerItemProxy */ = {
			isa = PBXContainerItemProxy;
			containerPortal = EC5A02C52D7D84F20007CDE4 /* Project object */;
			proxyType = 1;
			remoteGlobalIDString = EC5A02CC2D7D84F20007CDE4;
			remoteInfo = Sixth;
		};
/* End PBXContainerItemProxy section */

/* Begin PBXFileReference section */
		EC5A02CD2D7D84F20007CDE4 /* Sixth.app */ = {isa = PBXFileReference; explicitFileType = wrapper.application; includeInIndex = 0; path = Sixth.app; sourceTree = BUILT_PRODUCTS_DIR; };
		EC5A02DD2D7D84F40007CDE4 /* SixthTests.xctest */ = {isa = PBXFileReference; explicitFileType = wrapper.cfbundle; includeInIndex = 0; path = SixthTests.xctest; sourceTree = BUILT_PRODUCTS_DIR; };
		EC5A02E72D7D84F40007CDE4 /* SixthUITests.xctest */ = {isa = PBXFileReference; explicitFileType = wrapper.cfbundle; includeInIndex = 0; path = SixthUITests.xctest; sourceTree = BUILT_PRODUCTS_DIR; };
/* End PBXFileReference section */

/* Begin PBXFileSystemSynchronizedRootGroup section */
		EC5A02CF2D7D84F20007CDE4 /* Sixth */ = {
			isa = PBXFileSystemSynchronizedRootGroup;
			path = Sixth;
			sourceTree = "<group>";
		};
		EC5A02E02D7D84F40007CDE4 /* SixthTests */ = {
			isa = PBXFileSystemSynchronizedRootGroup;
			path = SixthTests;
			sourceTree = "<group>";
		};
		EC5A02EA2D7D84F40007CDE4 /* SixthUITests */ = {
			isa = PBXFileSystemSynchronizedRootGroup;
			path = SixthUITests;
			sourceTree = "<group>";
		};
/* End PBXFileSystemSynchronizedRootGroup section */

/* Begin PBXFrameworksBuildPhase section */
		EC5A02CA2D7D84F20007CDE4 /* Frameworks */ = {
			isa = PBXFrameworksBuildPhase;
			buildActionMask = 2147483647;
			files = (
			);
			runOnlyForDeploymentPostprocessing = 0;
		};
		EC5A02DA2D7D84F40007CDE4 /* Frameworks */ = {
			isa = PBXFrameworksBuildPhase;
			buildActionMask = 2147483647;
			files = (
			);
			runOnlyForDeploymentPostprocessing = 0;
		};
		EC5A02E42D7D84F40007CDE4 /* Frameworks */ = {
			isa = PBXFrameworksBuildPhase;
			buildActionMask = 2147483647;
			files = (
			);
			runOnlyForDeploymentPostprocessing = 0;
		};
/* End PBXFrameworksBuildPhase section */

/* Begin PBXGroup section */
		EC5A02C42D7D84F20007CDE4 = {
			isa = PBXGroup;
			children = (
				EC5A02CF2D7D84F20007CDE4 /* Sixth */,
				EC5A02E02D7D84F40007CDE4 /* SixthTests */,
				EC5A02EA2D7D84F40007CDE4 /* SixthUITests */,
				EC5A02CE2D7D84F20007CDE4 /* Products */,
			);
			sourceTree = "<group>";
		};
		EC5A02CE2D7D84F20007CDE4 /* Products */ = {
			isa = PBXGroup;
			children = (
				EC5A02CD2D7D84F20007CDE4 /* Sixth.app */,
				EC5A02DD2D7D84F40007CDE4 /* SixthTests.xctest */,
				EC5A02E72D7D84F40007CDE4 /* SixthUITests.xctest */,
			);
			name = Products;
			sourceTree = "<group>";
		};
/* End PBXGroup section */

/* Begin PBXNativeTarget section */
		EC5A02CC2D7D84F20007CDE4 /* Sixth */ = {
			isa = PBXNativeTarget;
			buildConfigurationList = EC5A02F12D7D84F40007CDE4 /* Build configuration list for PBXNativeTarget "Sixth" */;
			buildPhases = (
				EC5A02C92D7D84F20007CDE4 /* Sources */,
				EC5A02CA2D7D84F20007CDE4 /* Frameworks */,
				EC5A02CB2D7D84F20007CDE4 /* Resources */,
			);
			buildRules = (
			);
			dependencies = (
			);
			fileSystemSynchronizedGroups = (
				EC5A02CF2D7D84F20007CDE4 /* Sixth */,
			);
			name = Sixth;
			packageProductDependencies = (
			);
			productName = Sixth;
			productReference = EC5A02CD2D7D84F20007CDE4 /* Sixth.app */;
			productType = "com.apple.product-type.application";
		};
		EC5A02DC2D7D84F40007CDE4 /* SixthTests */ = {
			isa = PBXNativeTarget;
			buildConfigurationList = EC5A02F42D7D84F40007CDE4 /* Build configuration list for PBXNativeTarget "SixthTests" */;
			buildPhases = (
				EC5A02D92D7D84F40007CDE4 /* Sources */,
				EC5A02DA2D7D84F40007CDE4 /* Frameworks */,
				EC5A02DB2D7D84F40007CDE4 /* Resources */,
			);
			buildRules = (
			);
			dependencies = (
				EC5A02DF2D7D84F40007CDE4 /* PBXTargetDependency */,
			);
			fileSystemSynchronizedGroups = (
				EC5A02E02D7D84F40007CDE4 /* SixthTests */,
			);
			name = SixthTests;
			packageProductDependencies = (
			);
			productName = SixthTests;
			productReference = EC5A02DD2D7D84F40007CDE4 /* SixthTests.xctest */;
			productType = "com.apple.product-type.bundle.unit-test";
		};
		EC5A02E62D7D84F40007CDE4 /* SixthUITests */ = {
			isa = PBXNativeTarget;
			buildConfigurationList = EC5A02F72D7D84F40007CDE4 /* Build configuration list for PBXNativeTarget "SixthUITests" */;
			buildPhases = (
				EC5A02E32D7D84F40007CDE4 /* Sources */,
				EC5A02E42D7D84F40007CDE4 /* Frameworks */,
				EC5A02E52D7D84F40007CDE4 /* Resources */,
			);
			buildRules = (
			);
			dependencies = (
				EC5A02E92D7D84F40007CDE4 /* PBXTargetDependency */,
			);
			fileSystemSynchronizedGroups = (
				EC5A02EA2D7D84F40007CDE4 /* SixthUITests */,
			);
			name = SixthUITests;
			packageProductDependencies = (
			);
			productName = SixthUITests;
			productReference = EC5A02E72D7D84F40007CDE4 /* SixthUITests.xctest */;
			productType = "com.apple.product-type.bundle.ui-testing";
		};
/* End PBXNativeTarget section */

/* Begin PBXProject section */
		EC5A02C52D7D84F20007CDE4 /* Project object */ = {
			isa = PBXProject;
			attributes = {
				BuildIndependentTargetsInParallel = 1;
				LastSwiftUpdateCheck = 1620;
				LastUpgradeCheck = 1620;
				TargetAttributes = {
					EC5A02CC2D7D84F20007CDE4 = {
						CreatedOnToolsVersion = 16.2;
					};
					EC5A02DC2D7D84F40007CDE4 = {
						CreatedOnToolsVersion = 16.2;
						TestTargetID = EC5A02CC2D7D84F20007CDE4;
					};
					EC5A02E62D7D84F40007CDE4 = {
						CreatedOnToolsVersion = 16.2;
						TestTargetID = EC5A02CC2D7D84F20007CDE4;
					};
				};
			};
			buildConfigurationList = EC5A02C82D7D84F20007CDE4 /* Build configuration list for PBXProject "Sixth" */;
			developmentRegion = en;
			hasScannedForEncodings = 0;
			knownRegions = (
				en,
				Base,
			);
			mainGroup = EC5A02C42D7D84F20007CDE4;
			minimizedProjectReferenceProxies = 1;
			preferredProjectObjectVersion = 77;
			productRefGroup = EC5A02CE2D7D84F20007CDE4 /* Products */;
			projectDirPath = "";
			projectRoot = "";
			targets = (
				EC5A02CC2D7D84F20007CDE4 /* Sixth */,
				EC5A02DC2D7D84F40007CDE4 /* SixthTests */,
				EC5A02E62D7D84F40007CDE4 /* SixthUITests */,
			);
		};
/* End PBXProject section */

/* Begin PBXResourcesBuildPhase section */
		EC5A02CB2D7D84F20007CDE4 /* Resources */ = {
			isa = PBXResourcesBuildPhase;
			buildActionMask = 2147483647;
			files = (
			);
			runOnlyForDeploymentPostprocessing = 0;
		};
		EC5A02DB2D7D84F40007CDE4 /* Resources */ = {
			isa = PBXResourcesBuildPhase;
			buildActionMask = 2147483647;
			files = (
			);
			runOnlyForDeploymentPostprocessing = 0;
		};
		EC5A02E52D7D84F40007CDE4 /* Resources */ = {
			isa = PBXResourcesBuildPhase;
			buildActionMask = 2147483647;
			files = (
			);
			runOnlyForDeploymentPostprocessing = 0;
		};
/* End PBXResourcesBuildPhase section */

/* Begin PBXSourcesBuildPhase section */
		EC5A02C92D7D84F20007CDE4 /* Sources */ = {
			isa = PBXSourcesBuildPhase;
			buildActionMask = 2147483647;
			files = (
			);
			runOnlyForDeploymentPostprocessing = 0;
		};
		EC5A02D92D7D84F40007CDE4 /* Sources */ = {
			isa = PBXSourcesBuildPhase;
			buildActionMask = 2147483647;
			files = (
			);
			runOnlyForDeploymentPostprocessing = 0;
		};
		EC5A02E32D7D84F40007CDE4 /* Sources */ = {
			isa = PBXSourcesBuildPhase;
			buildActionMask = 2147483647;
			files = (
			);
			runOnlyForDeploymentPostprocessing = 0;
		};
/* End PBXSourcesBuildPhase section */

/* Begin PBXTargetDependency section */
		EC5A02DF2D7D84F40007CDE4 /* PBXTargetDependency */ = {
			isa = PBXTargetDependency;
			target = EC5A02CC2D7D84F20007CDE4 /* Sixth */;
			targetProxy = EC5A02DE2D7D84F40007CDE4 /* PBXContainerItemProxy */;
		};
		EC5A02E92D7D84F40007CDE4 /* PBXTargetDependency */ = {
			isa = PBXTargetDependency;
			target = EC5A02CC2D7D84F20007CDE4 /* Sixth */;
			targetProxy = EC5A02E82D7D84F40007CDE4 /* PBXContainerItemProxy */;
		};
/* End PBXTargetDependency section */

/* Begin XCBuildConfiguration section */
		EC5A02EF2D7D84F40007CDE4 /* Debug */ = {
			isa = XCBuildConfiguration;
			buildSettings = {
				ALWAYS_SEARCH_USER_PATHS = NO;
				ASSETCATALOG_COMPILER_GENERATE_SWIFT_ASSET_SYMBOL_EXTENSIONS = YES;
				CLANG_ANALYZER_NONNULL = YES;
				CLANG_ANALYZER_NUMBER_OBJECT_CONVERSION = YES_AGGRESSIVE;
				CLANG_CXX_LANGUAGE_STANDARD = "gnu++20";
				CLANG_ENABLE_MODULES = YES;
				CLANG_ENABLE_OBJC_ARC = YES;
				CLANG_ENABLE_OBJC_WEAK = YES;
				CLANG_WARN_BLOCK_CAPTURE_AUTORELEASING = YES;
				CLANG_WARN_BOOL_CONVERSION = YES;
				CLANG_WARN_COMMA = YES;
				CLANG_WARN_CONSTANT_CONVERSION = YES;
				CLANG_WARN_DEPRECATED_OBJC_IMPLEMENTATIONS = YES;
				CLANG_WARN_DIRECT_OBJC_ISA_USAGE = YES_ERROR;
				CLANG_WARN_DOCUMENTATION_COMMENTS = YES;
				CLANG_WARN_EMPTY_BODY = YES;
				CLANG_WARN_ENUM_CONVERSION = YES;
				CLANG_WARN_INFINITE_RECURSION = YES;
				CLANG_WARN_INT_CONVERSION = YES;
				CLANG_WARN_NON_LITERAL_NULL_CONVERSION = YES;
				CLANG_WARN_OBJC_IMPLICIT_RETAIN_SELF = YES;
				CLANG_WARN_OBJC_LITERAL_CONVERSION = YES;
				CLANG_WARN_OBJC_ROOT_CLASS = YES_ERROR;
				CLANG_WARN_QUOTED_INCLUDE_IN_FRAMEWORK_HEADER = YES;
				CLANG_WARN_RANGE_LOOP_ANALYSIS = YES;
				CLANG_WARN_STRICT_PROTOTYPES = YES;
				CLANG_WARN_SUSPICIOUS_MOVE = YES;
				CLANG_WARN_UNGUARDED_AVAILABILITY = YES_AGGRESSIVE;
				CLANG_WARN_UNREACHABLE_CODE = YES;
				CLANG_WARN__DUPLICATE_METHOD_MATCH = YES;
				COPY_PHASE_STRIP = NO;
				DEBUG_INFORMATION_FORMAT = dwarf;
				ENABLE_STRICT_OBJC_MSGSEND = YES;
				ENABLE_TESTABILITY = YES;
				ENABLE_USER_SCRIPT_SANDBOXING = YES;
				GCC_C_LANGUAGE_STANDARD = gnu17;
				GCC_DYNAMIC_NO_PIC = NO;
				GCC_NO_COMMON_BLOCKS = YES;
				GCC_OPTIMIZATION_LEVEL = 0;
				GCC_PREPROCESSOR_DEFINITIONS = (
					"DEBUG=1",
					"$(inherited)",
				);
				GCC_WARN_64_TO_32_BIT_CONVERSION = YES;
				GCC_WARN_ABOUT_RETURN_TYPE = YES_ERROR;
				GCC_WARN_UNDECLARED_SELECTOR = YES;
				GCC_WARN_UNINITIALIZED_AUTOS = YES_AGGRESSIVE;
				GCC_WARN_UNUSED_FUNCTION = YES;
				GCC_WARN_UNUSED_VARIABLE = YES;
				IPHONEOS_DEPLOYMENT_TARGET = 18.2;
				LOCALIZATION_PREFERS_STRING_CATALOGS = YES;
				MTL_ENABLE_DEBUG_INFO = INCLUDE_SOURCE;
				MTL_FAST_MATH = YES;
				ONLY_ACTIVE_ARCH = YES;
				SDKROOT = iphoneos;
				SWIFT_ACTIVE_COMPILATION_CONDITIONS = "DEBUG $(inherited)";
				SWIFT_OPTIMIZATION_LEVEL = "-Onone";
			};
			name = Debug;
		};
		EC5A02F02D7D84F40007CDE4 /* Release */ = {
			isa = XCBuildConfiguration;
			buildSettings = {
				ALWAYS_SEARCH_USER_PATHS = NO;
				ASSETCATALOG_COMPILER_GENERATE_SWIFT_ASSET_SYMBOL_EXTENSIONS = YES;
				CLANG_ANALYZER_NONNULL = YES;
				CLANG_ANALYZER_NUMBER_OBJECT_CONVERSION = YES_AGGRESSIVE;
				CLANG_CXX_LANGUAGE_STANDARD = "gnu++20";
				CLANG_ENABLE_MODULES = YES;
				CLANG_ENABLE_OBJC_ARC = YES;
				CLANG_ENABLE_OBJC_WEAK = YES;
				CLANG_WARN_BLOCK_CAPTURE_AUTORELEASING = YES;
				CLANG_WARN_BOOL_CONVERSION = YES;
				CLANG_WARN_COMMA = YES;
				CLANG_WARN_CONSTANT_CONVERSION = YES;
				CLANG_WARN_DEPRECATED_OBJC_IMPLEMENTATIONS = YES;
				CLANG_WARN_DIRECT_OBJC_ISA_USAGE = YES_ERROR;
				CLANG_WARN_DOCUMENTATION_COMMENTS = YES;
				CLANG_WARN_EMPTY_BODY = YES;
				CLANG_WARN_ENUM_CONVERSION = YES;
				CLANG_WARN_INFINITE_RECURSION = YES;
				CLANG_WARN_INT_CONVERSION = YES;
				CLANG_WARN_NON_LITERAL_NULL_CONVERSION = YES;
				CLANG_WARN_OBJC_IMPLICIT_RETAIN_SELF = YES;
				CLANG_WARN_OBJC_LITERAL_CONVERSION = YES;
				CLANG_WARN_OBJC_ROOT_CLASS = YES_ERROR;
				CLANG_WARN_QUOTED_INCLUDE_IN_FRAMEWORK_HEADER = YES;
				CLANG_WARN_RANGE_LOOP_ANALYSIS = YES;
				CLANG_WARN_STRICT_PROTOTYPES = YES;
				CLANG_WARN_SUSPICIOUS_MOVE = YES;
				CLANG_WARN_UNGUARDED_AVAILABILITY = YES_AGGRESSIVE;
				CLANG_WARN_UNREACHABLE_CODE = YES;
				CLANG_WARN__DUPLICATE_METHOD_MATCH = YES;
				COPY_PHASE_STRIP = NO;
				DEBUG_INFORMATION_FORMAT = "dwarf-with-dsym";
				ENABLE_NS_ASSERTIONS = NO;
				ENABLE_STRICT_OBJC_MSGSEND = YES;
				ENABLE_USER_SCRIPT_SANDBOXING = YES;
				GCC_C_LANGUAGE_STANDARD = gnu17;
				GCC_NO_COMMON_BLOCKS = YES;
				GCC_WARN_64_TO_32_BIT_CONVERSION = YES;
				GCC_WARN_ABOUT_RETURN_TYPE = YES_ERROR;
				GCC_WARN_UNDECLARED_SELECTOR = YES;
				GCC_WARN_UNINITIALIZED_AUTOS = YES_AGGRESSIVE;
				GCC_WARN_UNUSED_FUNCTION = YES;
				GCC_WARN_UNUSED_VARIABLE = YES;
				IPHONEOS_DEPLOYMENT_TARGET = 18.2;
				LOCALIZATION_PREFERS_STRING_CATALOGS = YES;
				MTL_ENABLE_DEBUG_INFO = NO;
				MTL_FAST_MATH = YES;
				SDKROOT = iphoneos;
				SWIFT_COMPILATION_MODE = wholemodule;
				VALIDATE_PRODUCT = YES;
			};
			name = Release;
		};
		EC5A02F22D7D84F40007CDE4 /* Debug */ = {
			isa = XCBuildConfiguration;
			buildSettings = {
				ASSETCATALOG_COMPILER_APPICON_NAME = AppIcon;
				ASSETCATALOG_COMPILER_GLOBAL_ACCENT_COLOR_NAME = AccentColor;
				CODE_SIGN_STYLE = Automatic;
				CURRENT_PROJECT_VERSION = 1;
				DEVELOPMENT_ASSET_PATHS = "\"Sixth/Preview Content\"";
				ENABLE_PREVIEWS = YES;
				GENERATE_INFOPLIST_FILE = YES;
				INFOPLIST_KEY_UIApplicationSceneManifest_Generation = YES;
				INFOPLIST_KEY_UIApplicationSupportsIndirectInputEvents = YES;
				INFOPLIST_KEY_UILaunchScreen_Generation = YES;
				INFOPLIST_KEY_UISupportedInterfaceOrientations_iPad = "UIInterfaceOrientationPortrait UIInterfaceOrientationPortraitUpsideDown UIInterfaceOrientationLandscapeLeft UIInterfaceOrientationLandscapeRight";
				INFOPLIST_KEY_UISupportedInterfaceOrientations_iPhone = "UIInterfaceOrientationPortrait UIInterfaceOrientationLandscapeLeft UIInterfaceOrientationLandscapeRight";
				LD_RUNPATH_SEARCH_PATHS = (
					"$(inherited)",
					"@executable_path/Frameworks",
				);
				MARKETING_VERSION = 1.0;
				PRODUCT_BUNDLE_IDENTIFIER = com.mia.Sixth;
				PRODUCT_NAME = "$(TARGET_NAME)";
				SWIFT_EMIT_LOC_STRINGS = YES;
				SWIFT_VERSION = 5.0;
				TARGETED_DEVICE_FAMILY = "1,2";
			};
			name = Debug;
		};
		EC5A02F32D7D84F40007CDE4 /* Release */ = {
			isa = XCBuildConfiguration;
			buildSettings = {
				ASSETCATALOG_COMPILER_APPICON_NAME = AppIcon;
				ASSETCATALOG_COMPILER_GLOBAL_ACCENT_COLOR_NAME = AccentColor;
				CODE_SIGN_STYLE = Automatic;
				CURRENT_PROJECT_VERSION = 1;
				DEVELOPMENT_ASSET_PATHS = "\"Sixth/Preview Content\"";
				ENABLE_PREVIEWS = YES;
				GENERATE_INFOPLIST_FILE = YES;
				INFOPLIST_KEY_UIApplicationSceneManifest_Generation = YES;
				INFOPLIST_KEY_UIApplicationSupportsIndirectInputEvents = YES;
				INFOPLIST_KEY_UILaunchScreen_Generation = YES;
				INFOPLIST_KEY_UISupportedInterfaceOrientations_iPad = "UIInterfaceOrientationPortrait UIInterfaceOrientationPortraitUpsideDown UIInterfaceOrientationLandscapeLeft UIInterfaceOrientationLandscapeRight";
				INFOPLIST_KEY_UISupportedInterfaceOrientations_iPhone = "UIInterfaceOrientationPortrait UIInterfaceOrientationLandscapeLeft UIInterfaceOrientationLandscapeRight";
				LD_RUNPATH_SEARCH_PATHS = (
					"$(inherited)",
					"@executable_path/Frameworks",
				);
				MARKETING_VERSION = 1.0;
				PRODUCT_BUNDLE_IDENTIFIER = com.mia.Sixth;
				PRODUCT_NAME = "$(TARGET_NAME)";
				SWIFT_EMIT_LOC_STRINGS = YES;
				SWIFT_VERSION = 5.0;
				TARGETED_DEVICE_FAMILY = "1,2";
			};
			name = Release;
		};
		EC5A02F52D7D84F40007CDE4 /* Debug */ = {
			isa = XCBuildConfiguration;
			buildSettings = {
				BUNDLE_LOADER = "$(TEST_HOST)";
				CODE_SIGN_STYLE = Automatic;
				CURRENT_PROJECT_VERSION = 1;
				GENERATE_INFOPLIST_FILE = YES;
				IPHONEOS_DEPLOYMENT_TARGET = 18.2;
				MARKETING_VERSION = 1.0;
				PRODUCT_BUNDLE_IDENTIFIER = com.mia.SixthTests;
				PRODUCT_NAME = "$(TARGET_NAME)";
				SWIFT_EMIT_LOC_STRINGS = NO;
				SWIFT_VERSION = 5.0;
				TARGETED_DEVICE_FAMILY = "1,2";
				TEST_HOST = "$(BUILT_PRODUCTS_DIR)/Sixth.app/$(BUNDLE_EXECUTABLE_FOLDER_PATH)/Sixth";
			};
			name = Debug;
		};
		EC5A02F62D7D84F40007CDE4 /* Release */ = {
			isa = XCBuildConfiguration;
			buildSettings = {
				BUNDLE_LOADER = "$(TEST_HOST)";
				CODE_SIGN_STYLE = Automatic;
				CURRENT_PROJECT_VERSION = 1;
				GENERATE_INFOPLIST_FILE = YES;
				IPHONEOS_DEPLOYMENT_TARGET = 18.2;
				MARKETING_VERSION = 1.0;
				PRODUCT_BUNDLE_IDENTIFIER = com.mia.SixthTests;
				PRODUCT_NAME = "$(TARGET_NAME)";
				SWIFT_EMIT_LOC_STRINGS = NO;
				SWIFT_VERSION = 5.0;
				TARGETED_DEVICE_FAMILY = "1,2";
				TEST_HOST = "$(BUILT_PRODUCTS_DIR)/Sixth.app/$(BUNDLE_EXECUTABLE_FOLDER_PATH)/Sixth";
			};
			name = Release;
		};
		EC5A02F82D7D84F40007CDE4 /* Debug */ = {
			isa = XCBuildConfiguration;
			buildSettings = {
				CODE_SIGN_STYLE = Automatic;
				CURRENT_PROJECT_VERSION = 1;
				GENERATE_INFOPLIST_FILE = YES;
				MARKETING_VERSION = 1.0;
				PRODUCT_BUNDLE_IDENTIFIER = com.mia.SixthUITests;
				PRODUCT_NAME = "$(TARGET_NAME)";
				SWIFT_EMIT_LOC_STRINGS = NO;
				SWIFT_VERSION = 5.0;
				TARGETED_DEVICE_FAMILY = "1,2";
				TEST_TARGET_NAME = Sixth;
			};
			name = Debug;
		};
		EC5A02F92D7D84F40007CDE4 /* Release */ = {
			isa = XCBuildConfiguration;
			buildSettings = {
				CODE_SIGN_STYLE = Automatic;
				CURRENT_PROJECT_VERSION = 1;
				GENERATE_INFOPLIST_FILE = YES;
				MARKETING_VERSION = 1.0;
				PRODUCT_BUNDLE_IDENTIFIER = com.mia.SixthUITests;
				PRODUCT_NAME = "$(TARGET_NAME)";
				SWIFT_EMIT_LOC_STRINGS = NO;
				SWIFT_VERSION = 5.0;
				TARGETED_DEVICE_FAMILY = "1,2";
				TEST_TARGET_NAME = Sixth;
			};
			name = Release;
		};
/* End XCBuildConfiguration section */

/* Begin XCConfigurationList section */
		EC5A02C82D7D84F20007CDE4 /* Build configuration list for PBXProject "Sixth" */ = {
			isa = XCConfigurationList;
			buildConfigurations = (
				EC5A02EF2D7D84F40007CDE4 /* Debug */,
				EC5A02F02D7D84F40007CDE4 /* Release */,
			);
			defaultConfigurationIsVisible = 0;
			defaultConfigurationName = Release;
		};
		EC5A02F12D7D84F40007CDE4 /* Build configuration list for PBXNativeTarget "Sixth" */ = {
			isa = XCConfigurationList;
			buildConfigurations = (
				EC5A02F22D7D84F40007CDE4 /* Debug */,
				EC5A02F32D7D84F40007CDE4 /* Release */,
			);
			defaultConfigurationIsVisible = 0;
			defaultConfigurationName = Release;
		};
		EC5A02F42D7D84F40007CDE4 /* Build configuration list for PBXNativeTarget "SixthTests" */ = {
			isa = XCConfigurationList;
			buildConfigurations = (
				EC5A02F52D7D84F40007CDE4 /* Debug */,
				EC5A02F62D7D84F40007CDE4 /* Release */,
			);
			defaultConfigurationIsVisible = 0;
			defaultConfigurationName = Release;
		};
		EC5A02F72D7D84F40007CDE4 /* Build configuration list for PBXNativeTarget "SixthUITests" */ = {
			isa = XCConfigurationList;
			buildConfigurations = (
				EC5A02F82D7D84F40007CDE4 /* Debug */,
				EC5A02F92D7D84F40007CDE4 /* Release */,
			);
			defaultConfigurationIsVisible = 0;
			defaultConfigurationName = Release;
		};
/* End XCConfigurationList section */
	};
	rootObject = EC5A02C52D7D84F20007CDE4 /* Project object */;
}
